<?xml version="1.0" encoding="UTF-8" standalone="yes" ?>
<CodeBlocks_project_file>
	<FileVersion major="1" minor="6" />
	<Project>
		<Option title="Cortesi" />
		<Option pch_mode="2" />
		<Option compiler="gcc" />
		<Build>
			<Target title="Debug">
				<Option output="bin\Debug\Cortesi" prefix_auto="1" extension_auto="1" />
				<Option object_output="obj\Debug\" />
				<Option type="1" />
				<Option compiler="gcc" />
				<Compiler>
					<Add option="-g" />
				</Compiler>
			</Target>
			<Target title="Release">
				<Option output="bin\Release\Cortesi" prefix_auto="1" extension_auto="1" />
				<Option object_output="obj\Release\" />
				<Option type="1" />
				<Option compiler="gcc" />
				<Compiler>
					<Add option="-O2" />
				</Compiler>
				<Linker>
					<Add option="-s" />
				</Linker>
			</Target>
		</Build>
		<Compiler>
			<Add option="-Wall" />
			<Add directory="..\bmpfile" />
		</Compiler>
		<Unit filename="FFT\fft.c">
			<Option compilerVar="CC" />
		</Unit>
		<Unit filename="FFT\fft.h" />
		<Unit filename="Frame\Frame.c">
			<Option compilerVar="CC" />
		</Unit>
		<Unit filename="Frame\Frame.h" />
		<Unit filename="LookUpTable\LookUpTable.c">
			<Option compilerVar="CC" />
		</Unit>
		<Unit filename="LookUpTable\LookUpTable.h" />
		<Unit filename="bmpfile\bmpfile.c">
			<Option compilerVar="CC" />
		</Unit>
		<Unit filename="bmpfile\bmpfile.h" />
		<Unit filename="cortesi.c">
			<Option compilerVar="CC" />
		</Unit>
		<Extensions>
			<code_completion />
			<debugger />
		</Extensions>
	</Project>
</CodeBlocks_project_file>
